{
    "_readme": [
        "This file locks the dependencies of your project to a known state",
        "Read more about it at https://getcomposer.org/doc/01-basic-usage.md#composer-lock-the-lock-file",
        "This file is @generated automatically"
    ],
    "hash": "94707ca240e906ca3c25af429b4ec7a5",
    "content-hash": "ffa55d1aa2fc77c9f76ae3a4b6346bd7",
    "packages": [
        {
            "name": "corviz/framework",
            "version": "v0.1-alpha",
            "source": {
                "type": "git",
                "url": "https://github.com/Corviz/framework.git",
                "reference": "e25962ab1d6fefdd67feb7c8f5743ff88953ae61"
            },
            "dist": {
                "type": "zip",
                "url": "https://api.github.com/repos/Corviz/framework/zipball/e25962ab1d6fefdd67feb7c8f5743ff88953ae61",
                "reference": "e25962ab1d6fefdd67feb7c8f5743ff88953ae61",
                "shasum": ""
            },
            "require": {
                "php": ">=7"
            },
            "require-dev": {
                "phpunit/phpunit": ">=5.4"
            },
            "type": "library",
            "autoload": {
                "psr-4": {
                    "Corviz\\": "./src"
                }
            },
            "notification-url": "https://packagist.org/downloads/",
            "license": [
                "MIT"
            ],
            "description": "Low weight php framework",
            "time": "2016-11-29 23:30:33"
        }
    ],
    "packages-dev": [],
    "aliases": [],
    "minimum-stability": "stable",
    "stability-flags": {
        "corviz/framework": 15
    },
    "prefer-stable": false,
    "prefer-lowest": false,
    "platform": {
        "php": ">=7"
    },
    "platform-dev": []
}
